// !$*UTF8*$!
{
	archiveVersion = 1;
	classes = {
	};
	objectVersion = 48;
	objects = {

/* Begin PBXBuildFile section */
		2951E91D1FC3145700516348 /* candle.scn in Resources */ = {isa = PBXBuildFile; fileRef = 2951E91C1FC3145700516348 /* candle.scn */; };
		2951E91F1FC3146000516348 /* chair.scn in Resources */ = {isa = PBXBuildFile; fileRef = 2951E91E1FC3146000516348 /* chair.scn */; };
		2951E9211FC3146900516348 /* cup.scn in Resources */ = {isa = PBXBuildFile; fileRef = 2951E9201FC3146900516348 /* cup.scn */; };
		2951E9231FC3147200516348 /* lamp.scn in Resources */ = {isa = PBXBuildFile; fileRef = 2951E9221FC3147200516348 /* lamp.scn */; };
		2951E9251FC3147F00516348 /* vase.scn in Resources */ = {isa = PBXBuildFile; fileRef = 2951E9241FC3147F00516348 /* vase.scn */; };
		2951E9381FC3254800516348 /* car.dae in Resources */ = {isa = PBXBuildFile; fileRef = 2951E9361FC3254800516348 /* car.dae */; };
		2951E9391FC3254800516348 /* paperPlane.scn in Resources */ = {isa = PBXBuildFile; fileRef = 2951E9371FC3254800516348 /* paperPlane.scn */; };
		29EF61631FA6F9F400661B39 /* AppDelegate.swift in Sources */ = {isa = PBXBuildFile; fileRef = 29EF61621FA6F9F400661B39 /* AppDelegate.swift */; };
		29EF61651FA6F9F400661B39 /* ViewController.swift in Sources */ = {isa = PBXBuildFile; fileRef = 29EF61641FA6F9F400661B39 /* ViewController.swift */; };
		29EF61681FA6F9F400661B39 /* Main.storyboard in Resources */ = {isa = PBXBuildFile; fileRef = 29EF61661FA6F9F400661B39 /* Main.storyboard */; };
		29EF616A1FA6F9F400661B39 /* Assets.xcassets in Resources */ = {isa = PBXBuildFile; fileRef = 29EF61691FA6F9F400661B39 /* Assets.xcassets */; };
		29EF616D1FA6F9F400661B39 /* LaunchScreen.storyboard in Resources */ = {isa = PBXBuildFile; fileRef = 29EF616B1FA6F9F400661B39 /* LaunchScreen.storyboard */; };
		89C73409D64DDCCBF06DDBF5 /* Pods_ARKitDemo.framework in Frameworks */ = {isa = PBXBuildFile; fileRef = 1B565DF501051FCACAA4E5DF /* Pods_ARKitDemo.framework */; };
/* End PBXBuildFile section */

/* Begin PBXFileReference section */
		1B565DF501051FCACAA4E5DF /* Pods_ARKitDemo.framework */ = {isa = PBXFileReference; explicitFileType = wrapper.framework; includeInIndex = 0; path = Pods_ARKitDemo.framework; sourceTree = BUILT_PRODUCTS_DIR; };
		2951E91C1FC3145700516348 /* candle.scn */ = {isa = PBXFileReference; lastKnownFileType = file.bplist; path = candle.scn; sourceTree = "<group>"; };
		2951E91E1FC3146000516348 /* chair.scn */ = {isa = PBXFileReference; lastKnownFileType = file.bplist; path = chair.scn; sourceTree = "<group>"; };
		2951E9201FC3146900516348 /* cup.scn */ = {isa = PBXFileReference; lastKnownFileType = file.bplist; path = cup.scn; sourceTree = "<group>"; };
		2951E9221FC3147200516348 /* lamp.scn */ = {isa = PBXFileReference; lastKnownFileType = file.bplist; path = lamp.scn; sourceTree = "<group>"; };
		2951E9241FC3147F00516348 /* vase.scn */ = {isa = PBXFileReference; lastKnownFileType = file.bplist; path = vase.scn; sourceTree = "<group>"; };
		2951E9361FC3254800516348 /* car.dae */ = {isa = PBXFileReference; fileEncoding = 4; lastKnownFileType = text.xml.dae; path = car.dae; sourceTree = "<group>"; };
		2951E9371FC3254800516348 /* paperPlane.scn */ = {isa = PBXFileReference; lastKnownFileType = file.bplist; path = paperPlane.scn; sourceTree = "<group>"; };
		29EF615F1FA6F9F400661B39 /* ARKitDemo.app */ = {isa = PBXFileReference; explicitFileType = wrapper.application; includeInIndex = 0; path = ARKitDemo.app; sourceTree = BUILT_PRODUCTS_DIR; };
		29EF61621FA6F9F400661B39 /* AppDelegate.swift */ = {isa = PBXFileReference; lastKnownFileType = sourcecode.swift; path = AppDelegate.swift; sourceTree = "<group>"; };
		29EF61641FA6F9F400661B39 /* ViewController.swift */ = {isa = PBXFileReference; lastKnownFileType = sourcecode.swift; path = ViewController.swift; sourceTree = "<group>"; };
		29EF61671FA6F9F400661B39 /* Base */ = {isa = PBXFileReference; lastKnownFileType = file.storyboard; name = Base; path = Base.lproj/Main.storyboard; sourceTree = "<group>"; };
		29EF61691FA6F9F400661B39 /* Assets.xcassets */ = {isa = PBXFileReference; lastKnownFileType = folder.assetcatalog; path = Assets.xcassets; sourceTree = "<group>"; };
		29EF616C1FA6F9F400661B39 /* Base */ = {isa = PBXFileReference; lastKnownFileType = file.storyboard; name = Base; path = Base.lproj/LaunchScreen.storyboard; sourceTree = "<group>"; };
		29EF616E1FA6F9F400661B39 /* Info.plist */ = {isa = PBXFileReference; lastKnownFileType = text.plist.xml; path = Info.plist; sourceTree = "<group>"; };
		8672BC1923884A4B8D358CAF /* Pods-ARKitDemo.debug.xcconfig */ = {isa = PBXFileReference; includeInIndex = 1; lastKnownFileType = text.xcconfig; name = "Pods-ARKitDemo.debug.xcconfig"; path = "Pods/Target Support Files/Pods-ARKitDemo/Pods-ARKitDemo.debug.xcconfig"; sourceTree = "<group>"; };
		FD51C86102E0C5D08DC3B9F1 /* Pods-ARKitDemo.release.xcconfig */ = {isa = PBXFileReference; includeInIndex = 1; lastKnownFileType = text.xcconfig; name = "Pods-ARKitDemo.release.xcconfig"; path = "Pods/Target Support Files/Pods-ARKitDemo/Pods-ARKitDemo.release.xcconfig"; sourceTree = "<group>"; };
/* End PBXFileReference section */

/* Begin PBXFrameworksBuildPhase section */
		29EF615C1FA6F9F400661B39 /* Frameworks */ = {
			isa = PBXFrameworksBuildPhase;
			buildActionMask = 2147483647;
			files = (
				89C73409D64DDCCBF06DDBF5 /* Pods_ARKitDemo.framework in Frameworks */,
			);
			runOnlyForDeploymentPostprocessing = 0;
		};
/* End PBXFrameworksBuildPhase section */

/* Begin PBXGroup section */
		114C8C2EEA93596509202245 /* Frameworks */ = {
			isa = PBXGroup;
			children = (
				1B565DF501051FCACAA4E5DF /* Pods_ARKitDemo.framework */,
			);
			name = Frameworks;
			sourceTree = "<group>";
		};
		2951E8F91FBEF70000516348 /* 3D Objects */ = {
			isa = PBXGroup;
			children = (
				2951E9361FC3254800516348 /* car.dae */,
				2951E9371FC3254800516348 /* paperPlane.scn */,
				2951E9241FC3147F00516348 /* vase.scn */,
				2951E9221FC3147200516348 /* lamp.scn */,
				2951E9201FC3146900516348 /* cup.scn */,
				2951E91E1FC3146000516348 /* chair.scn */,
				2951E91C1FC3145700516348 /* candle.scn */,
			);
			path = "3D Objects";
			sourceTree = "<group>";
		};
		29EF61561FA6F9F400661B39 = {
			isa = PBXGroup;
			children = (
				29EF61611FA6F9F400661B39 /* ARKitDemo */,
				29EF61601FA6F9F400661B39 /* Products */,
				E77FB97E1859C5EC14A0B588 /* Pods */,
				114C8C2EEA93596509202245 /* Frameworks */,
			);
			sourceTree = "<group>";
		};
		29EF61601FA6F9F400661B39 /* Products */ = {
			isa = PBXGroup;
			children = (
				29EF615F1FA6F9F400661B39 /* ARKitDemo.app */,
			);
			name = Products;
			sourceTree = "<group>";
		};
		29EF61611FA6F9F400661B39 /* ARKitDemo */ = {
			isa = PBXGroup;
			children = (
				2951E8F91FBEF70000516348 /* 3D Objects */,
				29EF61621FA6F9F400661B39 /* AppDelegate.swift */,
				29EF61641FA6F9F400661B39 /* ViewController.swift */,
				29EF61661FA6F9F400661B39 /* Main.storyboard */,
				29EF61691FA6F9F400661B39 /* Assets.xcassets */,
				29EF616B1FA6F9F400661B39 /* LaunchScreen.storyboard */,
				29EF616E1FA6F9F400661B39 /* Info.plist */,
			);
			path = ARKitDemo;
			sourceTree = "<group>";
		};
		E77FB97E1859C5EC14A0B588 /* Pods */ = {
			isa = PBXGroup;
			children = (
				8672BC1923884A4B8D358CAF /* Pods-ARKitDemo.debug.xcconfig */,
				FD51C86102E0C5D08DC3B9F1 /* Pods-ARKitDemo.release.xcconfig */,
			);
			name = Pods;
			sourceTree = "<group>";
		};
/* End PBXGroup section */

/* Begin PBXNativeTarget section */
		29EF615E1FA6F9F400661B39 /* ARKitDemo */ = {
			isa = PBXNativeTarget;
			buildConfigurationList = 29EF61711FA6F9F400661B39 /* Build configuration list for PBXNativeTarget "ARKitDemo" */;
			buildPhases = (
				E5D891CC3E4D6F7A71FA6F27 /* [CP] Check Pods Manifest.lock */,
				29EF615B1FA6F9F400661B39 /* Sources */,
				29EF615C1FA6F9F400661B39 /* Frameworks */,
				29EF615D1FA6F9F400661B39 /* Resources */,
				3AA616EEBF432AE5D16F48AF /* [CP] Embed Pods Frameworks */,
				1A0CBC39DF189847BFDA5F91 /* [CP] Copy Pods Resources */,
			);
			buildRules = (
			);
			dependencies = (
			);
			name = ARKitDemo;
			productName = ARKitDemo;
			productReference = 29EF615F1FA6F9F400661B39 /* ARKitDemo.app */;
			productType = "com.apple.product-type.application";
		};
/* End PBXNativeTarget section */

/* Begin PBXProject section */
		29EF61571FA6F9F400661B39 /* Project object */ = {
			isa = PBXProject;
			attributes = {
				LastSwiftUpdateCheck = 0900;
				LastUpgradeCheck = 0900;
				ORGANIZATIONNAME = HCL;
				TargetAttributes = {
					29EF615E1FA6F9F400661B39 = {
						CreatedOnToolsVersion = 9.0.1;
						ProvisioningStyle = Manual;
					};
				};
			};
			buildConfigurationList = 29EF615A1FA6F9F400661B39 /* Build configuration list for PBXProject "ARKitDemo" */;
			compatibilityVersion = "Xcode 8.0";
			developmentRegion = en;
			hasScannedForEncodings = 0;
			knownRegions = (
				en,
				Base,
			);
			mainGroup = 29EF61561FA6F9F400661B39;
			productRefGroup = 29EF61601FA6F9F400661B39 /* Products */;
			projectDirPath = "";
			projectRoot = "";
			targets = (
				29EF615E1FA6F9F400661B39 /* ARKitDemo */,
			);
		};
/* End PBXProject section */

/* Begin PBXResourcesBuildPhase section */
		29EF615D1FA6F9F400661B39 /* Resources */ = {
			isa = PBXResourcesBuildPhase;
			buildActionMask = 2147483647;
			files = (
				2951E9381FC3254800516348 /* car.dae in Resources */,
				2951E91F1FC3146000516348 /* chair.scn in Resources */,
				2951E9211FC3146900516348 /* cup.scn in Resources */,
				2951E9231FC3147200516348 /* lamp.scn in Resources */,
				29EF616D1FA6F9F400661B39 /* LaunchScreen.storyboard in Resources */,
				2951E9251FC3147F00516348 /* vase.scn in Resources */,
				29EF616A1FA6F9F400661B39 /* Assets.xcassets in Resources */,
				29EF61681FA6F9F400661B39 /* Main.storyboard in Resources */,
				2951E9391FC3254800516348 /* paperPlane.scn in Resources */,
				2951E91D1FC3145700516348 /* candle.scn in Resources */,
			);
			runOnlyForDeploymentPostprocessing = 0;
		};
/* End PBXResourcesBuildPhase section */

/* Begin PBXShellScriptBuildPhase section */
		1A0CBC39DF189847BFDA5F91 /* [CP] Copy Pods Resources */ = {
			isa = PBXShellScriptBuildPhase;
			buildActionMask = 2147483647;
			files = (
			);
			inputPaths = (
			);
			name = "[CP] Copy Pods Resources";
			outputPaths = (
			);
			runOnlyForDeploymentPostprocessing = 0;
			shellPath = /bin/sh;
			shellScript = "\"${SRCROOT}/Pods/Target Support Files/Pods-ARKitDemo/Pods-ARKitDemo-resources.sh\"\n";
			showEnvVarsInLog = 0;
		};
		3AA616EEBF432AE5D16F48AF /* [CP] Embed Pods Frameworks */ = {
			isa = PBXShellScriptBuildPhase;
			buildActionMask = 2147483647;
			files = (
			);
			inputPaths = (
			);
			name = "[CP] Embed Pods Frameworks";
			outputPaths = (
			);
			runOnlyForDeploymentPostprocessing = 0;
			shellPath = /bin/sh;
			shellScript = "\"${SRCROOT}/Pods/Target Support Files/Pods-ARKitDemo/Pods-ARKitDemo-frameworks.sh\"\n";
			showEnvVarsInLog = 0;
		};
		E5D891CC3E4D6F7A71FA6F27 /* [CP] Check Pods Manifest.lock */ = {
			isa = PBXShellScriptBuildPhase;
			buildActionMask = 2147483647;
			files = (
			);
			inputPaths = (
			);
			name = "[CP] Check Pods Manifest.lock";
			outputPaths = (
			);
			runOnlyForDeploymentPostprocessing = 0;
			shellPath = /bin/sh;
			shellScript = "diff \"${PODS_PODFILE_DIR_PATH}/Podfile.lock\" \"${PODS_ROOT}/Manifest.lock\" > /dev/null\nif [ $? != 0 ] ; then\n    # print error to STDERR\n    echo \"error: The sandbox is not in sync with the Podfile.lock. Run 'pod install' or update your CocoaPods installation.\" >&2\n    exit 1\nfi\n";
			showEnvVarsInLog = 0;
		};
/* End PBXShellScriptBuildPhase section */

/* Begin PBXSourcesBuildPhase section */
		29EF615B1FA6F9F400661B39 /* Sources */ = {
			isa = PBXSourcesBuildPhase;
			buildActionMask = 2147483647;
			files = (
				29EF61651FA6F9F400661B39 /* ViewController.swift in Sources */,
				29EF61631FA6F9F400661B39 /* AppDelegate.swift in Sources */,
			);
			runOnlyForDeploymentPostprocessing = 0;
		};
/* End PBXSourcesBuildPhase section */

/* Begin PBXVariantGroup section */
		29EF61661FA6F9F400661B39 /* Main.storyboard */ = {
			isa = PBXVariantGroup;
			children = (
				29EF61671FA6F9F400661B39 /* Base */,
			);
			name = Main.storyboard;
			sourceTree = "<group>";
		};
		29EF616B1FA6F9F400661B39 /* LaunchScreen.storyboard */ = {
			isa = PBXVariantGroup;
			children = (
				29EF616C1FA6F9F400661B39 /* Base */,
			);
			name = LaunchScreen.storyboard;
			sourceTree = "<group>";
		};
/* End PBXVariantGroup section */

/* Begin XCBuildConfiguration section */
		29EF616F1FA6F9F400661B39 /* Debug */ = {
			isa = XCBuildConfiguration;
			buildSettings = {
				ALWAYS_SEARCH_USER_PATHS = NO;
				CLANG_ANALYZER_NONNULL = YES;
				CLANG_ANALYZER_NUMBER_OBJECT_CONVERSION = YES_AGGRESSIVE;
				CLANG_CXX_LANGUAGE_STANDARD = "gnu++14";
				CLANG_CXX_LIBRARY = "libc++";
				CLANG_ENABLE_MODULES = YES;
				CLANG_ENABLE_OBJC_ARC = YES;
				CLANG_WARN_BLOCK_CAPTURE_AUTORELEASING = YES;
				CLANG_WARN_BOOL_CONVERSION = YES;
				CLANG_WARN_COMMA = YES;
				CLANG_WARN_CONSTANT_CONVERSION = YES;
				CLANG_WARN_DIRECT_OBJC_ISA_USAGE = YES_ERROR;
				CLANG_WARN_DOCUMENTATION_COMMENTS = YES;
				CLANG_WARN_EMPTY_BODY = YES;
				CLANG_WARN_ENUM_CONVERSION = YES;
				CLANG_WARN_INFINITE_RECURSION = YES;
				CLANG_WARN_INT_CONVERSION = YES;
				CLANG_WARN_NON_LITERAL_NULL_CONVERSION = YES;
				CLANG_WARN_OBJC_LITERAL_CONVERSION = YES;
				CLANG_WARN_OBJC_ROOT_CLASS = YES_ERROR;
				CLANG_WARN_RANGE_LOOP_ANALYSIS = YES;
				CLANG_WARN_STRICT_PROTOTYPES = YES;
				CLANG_WARN_SUSPICIOUS_MOVE = YES;
				CLANG_WARN_UNGUARDED_AVAILABILITY = YES_AGGRESSIVE;
				CLANG_WARN_UNREACHABLE_CODE = YES;
				CLANG_WARN__DUPLICATE_METHOD_MATCH = YES;
				CODE_SIGN_IDENTITY = "iPhone Developer: Alpcord Network (27U6ZP2W29)";
				CODE_SIGN_STYLE = Manual;
				COPY_PHASE_STRIP = NO;
				DEBUG_INFORMATION_FORMAT = dwarf;
				DEVELOPMENT_TEAM = 3WF228SLAC;
				ENABLE_STRICT_OBJC_MSGSEND = YES;
				ENABLE_TESTABILITY = YES;
				GCC_C_LANGUAGE_STANDARD = gnu11;
				GCC_DYNAMIC_NO_PIC = NO;
				GCC_NO_COMMON_BLOCKS = YES;
				GCC_OPTIMIZATION_LEVEL = 0;
				GCC_PREPROCESSOR_DEFINITIONS = (
					"DEBUG=1",
					"$(inherited)",
				);
				GCC_WARN_64_TO_32_BIT_CONVERSION = YES;
				GCC_WARN_ABOUT_RETURN_TYPE = YES_ERROR;
				GCC_WARN_UNDECLARED_SELECTOR = YES;
				GCC_WARN_UNINITIALIZED_AUTOS = YES_AGGRESSIVE;
				GCC_WARN_UNUSED_FUNCTION = YES;
				GCC_WARN_UNUSED_VARIABLE = YES;
				IPHONEOS_DEPLOYMENT_TARGET = 11.0;
				MTL_ENABLE_DEBUG_INFO = YES;
				ONLY_ACTIVE_ARCH = YES;
				PROVISIONING_PROFILE = "449803b1-f39d-4fc3-adbb-c7d52b3d8ae0";
				SDKROOT = iphoneos;
				SWIFT_ACTIVE_COMPILATION_CONDITIONS = DEBUG;
				SWIFT_OPTIMIZATION_LEVEL = "-Onone";
			};
			name = Debug;
		};
		29EF61701FA6F9F400661B39 /* Release */ = {
			isa = XCBuildConfiguration;
			buildSettings = {
				ALWAYS_SEARCH_USER_PATHS = NO;
				CLANG_ANALYZER_NONNULL = YES;
				CLANG_ANALYZER_NUMBER_OBJECT_CONVERSION = YES_AGGRESSIVE;
				CLANG_CXX_LANGUAGE_STANDARD = "gnu++14";
				CLANG_CXX_LIBRARY = "libc++";
				CLANG_ENABLE_MODULES = YES;
				CLANG_ENABLE_OBJC_ARC = YES;
				CLANG_WARN_BLOCK_CAPTURE_AUTORELEASING = YES;
				CLANG_WARN_BOOL_CONVERSION = YES;
				CLANG_WARN_COMMA = YES;
				CLANG_WARN_CONSTANT_CONVERSION = YES;
				CLANG_WARN_DIRECT_OBJC_ISA_USAGE = YES_ERROR;
				CLANG_WARN_DOCUMENTATION_COMMENTS = YES;
				CLANG_WARN_EMPTY_BODY = YES;
				CLANG_WARN_ENUM_CONVERSION = YES;
				CLANG_WARN_INFINITE_RECURSION = YES;
				CLANG_WARN_INT_CONVERSION = YES;
				CLANG_WARN_NON_LITERAL_NULL_CONVERSION = YES;
				CLANG_WARN_OBJC_LITERAL_CONVERSION = YES;
				CLANG_WARN_OBJC_ROOT_CLASS = YES_ERROR;
				CLANG_WARN_RANGE_LOOP_ANALYSIS = YES;
				CLANG_WARN_STRICT_PROTOTYPES = YES;
				CLANG_WARN_SUSPICIOUS_MOVE = YES;
				CLANG_WARN_UNGUARDED_AVAILABILITY = YES_AGGRESSIVE;
				CLANG_WARN_UNREACHABLE_CODE = YES;
				CLANG_WARN__DUPLICATE_METHOD_MATCH = YES;
				CODE_SIGN_IDENTITY = "iPhone Developer: Alpcord Network (27U6ZP2W29)";
				CODE_SIGN_STYLE = Manual;
				COPY_PHASE_STRIP = NO;
				DEBUG_INFORMATION_FORMAT = "dwarf-with-dsym";
				DEVELOPMENT_TEAM = 3WF228SLAC;
				ENABLE_NS_ASSERTIONS = NO;
				ENABLE_STRICT_OBJC_MSGSEND = YES;
				GCC_C_LANGUAGE_STANDARD = gnu11;
				GCC_NO_COMMON_BLOCKS = YES;
				GCC_WARN_64_TO_32_BIT_CONVERSION = YES;
				GCC_WARN_ABOUT_RETURN_TYPE = YES_ERROR;
				GCC_WARN_UNDECLARED_SELECTOR = YES;
				GCC_WARN_UNINITIALIZED_AUTOS = YES_AGGRESSIVE;
				GCC_WARN_UNUSED_FUNCTION = YES;
				GCC_WARN_UNUSED_VARIABLE = YES;
				IPHONEOS_DEPLOYMENT_TARGET = 11.0;
				MTL_ENABLE_DEBUG_INFO = NO;
				PROVISIONING_PROFILE = "449803b1-f39d-4fc3-adbb-c7d52b3d8ae0";
				SDKROOT = iphoneos;
				SWIFT_OPTIMIZATION_LEVEL = "-Owholemodule";
				VALIDATE_PRODUCT = YES;
			};
			name = Release;
		};
		29EF61721FA6F9F400661B39 /* Debug */ = {
			isa = XCBuildConfiguration;
			baseConfigurationReference = 8672BC1923884A4B8D358CAF /* Pods-ARKitDemo.debug.xcconfig */;
			buildSettings = {
				ASSETCATALOG_COMPILER_APPICON_NAME = AppIcon;
				CODE_SIGN_IDENTITY = "iPhone Developer: Alpcord Network (27U6ZP2W29)";
				"CODE_SIGN_IDENTITY[sdk=iphoneos*]" = "iPhone Developer: Alpcord Network (27U6ZP2W29)";
				CODE_SIGN_STYLE = Manual;
				DEVELOPMENT_TEAM = 3WF228SLAC;
				INFOPLIST_FILE = ARKitDemo/Info.plist;
				LD_RUNPATH_SEARCH_PATHS = "$(inherited) @executable_path/Frameworks";
				PRODUCT_BUNDLE_IDENTIFIER = com.jtegroup.demonstration;
				PRODUCT_NAME = "$(TARGET_NAME)";
				PROVISIONING_PROFILE = "12053c3c-f668-4152-ad95-8686fb1150a5";
				PROVISIONING_PROFILE_SPECIFIER = DemonstrationDevlopmentProfile_17Nov;
				SWIFT_VERSION = 4.0;
				TARGETED_DEVICE_FAMILY = "1,2";
			};
			name = Debug;
		};
		29EF61731FA6F9F400661B39 /* Release */ = {
			isa = XCBuildConfiguration;
			baseConfigurationReference = FD51C86102E0C5D08DC3B9F1 /* Pods-ARKitDemo.release.xcconfig */;
			buildSettings = {
				ASSETCATALOG_COMPILER_APPICON_NAME = AppIcon;
				CODE_SIGN_IDENTITY = "iPhone Developer: Alpcord Network (27U6ZP2W29)";
				"CODE_SIGN_IDENTITY[sdk=iphoneos*]" = "iPhone Developer: Alpcord Network (27U6ZP2W29)";
				CODE_SIGN_STYLE = Manual;
				DEVELOPMENT_TEAM = 3WF228SLAC;
				INFOPLIST_FILE = ARKitDemo/Info.plist;
				LD_RUNPATH_SEARCH_PATHS = "$(inherited) @executable_path/Frameworks";
				PRODUCT_BUNDLE_IDENTIFIER = com.jtegroup.demonstration;
				PRODUCT_NAME = "$(TARGET_NAME)";
				PROVISIONING_PROFILE = "12053c3c-f668-4152-ad95-8686fb1150a5";
				PROVISIONING_PROFILE_SPECIFIER = DemonstrationDevlopmentProfile_17Nov;
				SWIFT_VERSION = 4.0;
				TARGETED_DEVICE_FAMILY = "1,2";
			};
			name = Release;
		};
/* End XCBuildConfiguration section */

/* Begin XCConfigurationList section */
		29EF615A1FA6F9F400661B39 /* Build configuration list for PBXProject "ARKitDemo" */ = {
			isa = XCConfigurationList;
			buildConfigurations = (
				29EF616F1FA6F9F400661B39 /* Debug */,
				29EF61701FA6F9F400661B39 /* Release */,
			);
			defaultConfigurationIsVisible = 0;
			defaultConfigurationName = Release;
		};
		29EF61711FA6F9F400661B39 /* Build configuration list for PBXNativeTarget "ARKitDemo" */ = {
			isa = XCConfigurationList;
			buildConfigurations = (
				29EF61721FA6F9F400661B39 /* Debug */,
				29EF61731FA6F9F400661B39 /* Release */,
			);
			defaultConfigurationIsVisible = 0;
			defaultConfigurationName = Release;
		};
/* End XCConfigurationList section */
	};
	rootObject = 29EF61571FA6F9F400661B39 /* Project object */;
}
